
Microsoft Visual Studio Solution File, Format Version 12.00
# Visual Studio 15
Project("{FAE04EC0-301F-11D3-BF4B-00C04F79EFBC}") = "H2H.Blazor.UI", "H2H.Blazor.UI\H2H.Blazor.UI.csproj", "{8D47EE37-EA58-45DE-8C90-90E911DBB28E}"
EndProject
Project("{FAE04EC0-301F-11D3-BF4B-00C04F79EFBC}") = "H2H.Models", "H2H.Models\H2H.Models.csproj", "{ED4B124D-47C9-4E33-841D-206ACCD68459}"
EndProject
Project("{FAE04EC0-301F-11D3-BF4B-00C04F79EFBC}") = "H2H.DataAccess", "H2H.DataAccess\H2H.DataAccess.csproj", "{BDB504F0-CDC5-40A7-B53E-D637B9326905}"
EndProject
Project("{FAE04EC0-301F-11D3-BF4B-00C04F79EFBC}") = "H2H.Tests", "H2H.Tests\H2H.Tests.csproj", "{0C922928-24DA-4E00-8FCE-8F7FE696039D}"
EndProject
Global
	GlobalSection(SolutionConfigurationPlatforms) = preSolution
		Debug|Any CPU = Debug|Any CPU
		Release|Any CPU = Release|Any CPU
	EndGlobalSection
	GlobalSection(ProjectConfigurationPlatforms) = postSolution
		{8D47EE37-EA58-45DE-8C90-90E911DBB28E}.Debug|Any CPU.ActiveCfg = Debug|Any CPU
		{8D47EE37-EA58-45DE-8C90-90E911DBB28E}.Debug|Any CPU.Build.0 = Debug|Any CPU
		{8D47EE37-EA58-45DE-8C90-90E911DBB28E}.Release|Any CPU.ActiveCfg = Release|Any CPU
		{8D47EE37-EA58-45DE-8C90-90E911DBB28E}.Release|Any CPU.Build.0 = Release|Any CPU
		{ED4B124D-47C9-4E33-841D-206ACCD68459}.Debug|Any CPU.ActiveCfg = Debug|Any CPU
		{ED4B124D-47C9-4E33-841D-206ACCD68459}.Debug|Any CPU.Build.0 = Debug|Any CPU
		{ED4B124D-47C9-4E33-841D-206ACCD68459}.Release|Any CPU.ActiveCfg = Release|Any CPU
		{ED4B124D-47C9-4E33-841D-206ACCD68459}.Release|Any CPU.Build.0 = Release|Any CPU
		{BDB504F0-CDC5-40A7-B53E-D637B9326905}.Debug|Any CPU.ActiveCfg = Debug|Any CPU
		{BDB504F0-CDC5-40A7-B53E-D637B9326905}.Debug|Any CPU.Build.0 = Debug|Any CPU
		{BDB504F0-CDC5-40A7-B53E-D637B9326905}.Release|Any CPU.ActiveCfg = Release|Any CPU
		{BDB504F0-CDC5-40A7-B53E-D637B9326905}.Release|Any CPU.Build.0 = Release|Any CPU
		{0C922928-24DA-4E00-8FCE-8F7FE696039D}.Debug|Any CPU.ActiveCfg = Debug|Any CPU
		{0C922928-24DA-4E00-8FCE-8F7FE696039D}.Debug|Any CPU.Build.0 = Debug|Any CPU
		{0C922928-24DA-4E00-8FCE-8F7FE696039D}.Release|Any CPU.ActiveCfg = Release|Any CPU
		{0C922928-24DA-4E00-8FCE-8F7FE696039D}.Release|Any CPU.Build.0 = Release|Any CPU
	EndGlobalSection
EndGlobal
